{
  "nodes": {
    "bleeding-edge": {
      "locked": {
        "lastModified": 1691680505,
        "narHash": "sha256-TD6g5ZkQXxhaYbpo33Xdcn/89slUkQwtBT8Vxug9hic=",
        "owner": "nixos",
        "repo": "nixpkgs",
        "rev": "bfe04ea76ce84de0ecc00ff219867aac2f890a47",
        "type": "github"
      },
      "original": {
        "owner": "nixos",
        "ref": "master",
        "repo": "nixpkgs",
        "type": "github"
      }
    },
    "home-manager": {
      "inputs": {
        "nixpkgs": [
          "nixpkgs"
        ]
      },
      "locked": {
        "lastModified": 1687871164,
        "narHash": "sha256-bBFlPthuYX322xOlpJvkjUBz0C+MOBjZdDOOJJ+G2jU=",
        "owner": "nix-community",
        "repo": "home-manager",
        "rev": "07c347bb50994691d7b0095f45ebd8838cf6bc38",
        "type": "github"
      },
      "original": {
        "owner": "nix-community",
        "ref": "release-23.05",
        "repo": "home-manager",
        "type": "github"
      }
    },
    "impermanence": {
      "locked": {
        "lastModified": 1690797372,
        "narHash": "sha256-GImz19e33SeVcIvBB7NnhbJSbTpFFmNtWLh7Z85Y188=",
        "owner": "nix-community",
        "repo": "impermanence",
        "rev": "e3a7acd113903269a1b5c8b527e84ce7ee859851",
        "type": "github"
      },
      "original": {
        "owner": "nix-community",
        "ref": "master",
        "repo": "impermanence",
        "type": "github"
      }
    },
    "nixpkgs": {
      "locked": {
        "lastModified": 1691592289,
        "narHash": "sha256-Lqpw7lrXlLkYra33tp57ms8tZ0StWhbcl80vk4D90F8=",
        "owner": "nixos",
        "repo": "nixpkgs",
        "rev": "9034b46dc4c7596a87ab837bb8a07ef2d887e8c7",
        "type": "github"
      },
      "original": {
        "owner": "nixos",
        "ref": "nixos-23.05",
        "repo": "nixpkgs",
        "type": "github"
      }
    },
    "root": {
      "inputs": {
        "bleeding-edge": "bleeding-edge",
        "home-manager": "home-manager",
        "impermanence": "impermanence",
        "nixpkgs": "nixpkgs",
        "unstable": "unstable"
      }
    },
    "unstable": {
      "locked": {
        "lastModified": 1691565530,
        "narHash": "sha256-qZZ6DxvS1X/tjxXNUwJrPiaIWLZyWUDM2gkJCi5uZpE=",
        "owner": "nixos",
        "repo": "nixpkgs",
        "rev": "e528fa15d5f740a25b5f536c33932db64cb10fc8",
        "type": "github"
      },
      "original": {
        "owner": "nixos",
        "ref": "nixos-unstable",
        "repo": "nixpkgs",
        "type": "github"
      }
    }
  },
  "root": "root",
  "version": 7
}
